
Microsoft Visual Studio Solution File, Format Version 11.00
# Visual C# Express 2010
Project("{FAE04EC0-301F-11D3-BF4B-00C04F79EFBC}") = "StreetView", "StreetView\StreetView.csproj", "{671C4CD6-A3FB-460E-B3A9-2451B78BB7A3}"
EndProject
Global
	GlobalSection(SolutionConfigurationPlatforms) = preSolution
		Debug|x86 = Debug|x86
		Release|x86 = Release|x86
	EndGlobalSection
	GlobalSection(ProjectConfigurationPlatforms) = postSolution
		{671C4CD6-A3FB-460E-B3A9-2451B78BB7A3}.Debug|x86.ActiveCfg = Debug|x86
		{671C4CD6-A3FB-460E-B3A9-2451B78BB7A3}.Debug|x86.Build.0 = Debug|x86
		{671C4CD6-A3FB-460E-B3A9-2451B78BB7A3}.Release|x86.ActiveCfg = Release|x86
		{671C4CD6-A3FB-460E-B3A9-2451B78BB7A3}.Release|x86.Build.0 = Release|x86
	EndGlobalSection
	GlobalSection(SolutionProperties) = preSolution
		HideSolutionNode = FALSE
	EndGlobalSection
EndGlobal
